
Microsoft Visual Studio Solution File, Format Version 12.00
# Visual Studio 15
VisualStudioVersion = 15.0.27703.2042
MinimumVisualStudioVersion = 10.0.40219.1
Project("{FAE04EC0-301F-11D3-BF4B-00C04F79EFBC}") = "Dominio", "Dominio\Dominio.csproj", "{316865B8-00FB-4DA3-A6AC-4B2DBF6E3649}"
EndProject
Project("{FAE04EC0-301F-11D3-BF4B-00C04F79EFBC}") = "ConsoleApp", "ConsoleApp\ConsoleApp.csproj", "{517636D4-36BE-4EE2-AA0A-36BD124DFC1A}"
EndProject
Global
	GlobalSection(SolutionConfigurationPlatforms) = preSolution
		Debug|Any CPU = Debug|Any CPU
		Release|Any CPU = Release|Any CPU
	EndGlobalSection
	GlobalSection(ProjectConfigurationPlatforms) = postSolution
		{316865B8-00FB-4DA3-A6AC-4B2DBF6E3649}.Debug|Any CPU.ActiveCfg = Debug|Any CPU
		{316865B8-00FB-4DA3-A6AC-4B2DBF6E3649}.Debug|Any CPU.Build.0 = Debug|Any CPU
		{316865B8-00FB-4DA3-A6AC-4B2DBF6E3649}.Release|Any CPU.ActiveCfg = Release|Any CPU
		{316865B8-00FB-4DA3-A6AC-4B2DBF6E3649}.Release|Any CPU.Build.0 = Release|Any CPU
		{517636D4-36BE-4EE2-AA0A-36BD124DFC1A}.Debug|Any CPU.ActiveCfg = Debug|Any CPU
		{517636D4-36BE-4EE2-AA0A-36BD124DFC1A}.Debug|Any CPU.Build.0 = Debug|Any CPU
		{517636D4-36BE-4EE2-AA0A-36BD124DFC1A}.Release|Any CPU.ActiveCfg = Release|Any CPU
		{517636D4-36BE-4EE2-AA0A-36BD124DFC1A}.Release|Any CPU.Build.0 = Release|Any CPU
	EndGlobalSection
	GlobalSection(SolutionProperties) = preSolution
		HideSolutionNode = FALSE
	EndGlobalSection
	GlobalSection(ExtensibilityGlobals) = postSolution
		SolutionGuid = {AFFE504A-37CB-4AC2-B485-1DB4FCC0B558}
	EndGlobalSection
EndGlobal
